<?xml version="1.0" encoding="utf-8"?>
<Project ToolsVersion="4.0" xmlns="http://schemas.microsoft.com/developer/msbuild/2003">
  <ItemGroup>
    <Filter Include="Source Files">
      <UniqueIdentifier>{51182e2c-69c8-4280-9099-73e0bd21dba8}</UniqueIdentifier>
      <Extensions>c</Extensions>
    </Filter>
    <Filter Include="Public Header Files">
      <UniqueIdentifier>{5ee6ad10-d592-469a-af5c-9d1518b9bb4b}</UniqueIdentifier>
    </Filter>
  </ItemGroup>
  <ItemGroup>
    <ClCompile Include="file_utils_flac.c">
      <Filter>Source Files</Filter>
    </ClCompile>
    <ClCompile Include="metadata_utils.c">
      <Filter>Source Files</Filter>
    </ClCompile>
  </ItemGroup>
  <ItemGroup>
    <ClInclude Include="..\..\include\test_libs_common\file_utils_flac.h">
      <Filter>Public Header Files</Filter>
    </ClInclude>
    <ClInclude Include="..\..\include\test_libs_common\metadata_utils.h">
      <Filter>Public Header Files</Filter>
    </ClInclude>
  </ItemGroup>
</Project>