<?xml version="1.0" encoding="utf-8"?>
<Project ToolsVersion="4.0" xmlns="http://schemas.microsoft.com/developer/msbuild/2003">
  <ItemGroup>
    <Filter Include="Source Files">
      <UniqueIdentifier>{3c2a92ce-4bd0-489f-ad20-fd19ba9411d2}</UniqueIdentifier>
      <Extensions>c</Extensions>
    </Filter>
    <Filter Include="Public Header Files">
      <UniqueIdentifier>{c8a1a2c1-6da1-4199-901f-97d4ac8e084c}</UniqueIdentifier>
    </Filter>
    <Filter Include="Private Header Files">
      <UniqueIdentifier>{c3b5b779-756e-4772-8d9c-130a0628f0d0}</UniqueIdentifier>
    </Filter>
    <Filter Include="Protected Header Files">
      <UniqueIdentifier>{b4d20000-522d-42e4-99d6-043758f19d81}</UniqueIdentifier>
    </Filter>
  </ItemGroup>
  <ItemGroup>
    <ClCompile Include="getopt.c">
      <Filter>Source Files</Filter>
    </ClCompile>
    <ClCompile Include="getopt1.c">
      <Filter>Source Files</Filter>
    </ClCompile>
  </ItemGroup>
  <ItemGroup>
    <ClInclude Include="..\..\..\include\share\getopt.h">
      <Filter>Public Header Files</Filter>
    </ClInclude>
  </ItemGroup>
</Project>